PODS:
  - JGProgressHUD (2.0.3)
  - Realm (3.19.0):
    - Realm/Headers (= 3.19.0)
  - Realm/Headers (3.19.0)
  - RealmSwift (3.19.0):
    - Realm (= 3.19.0)
  - SDWebImage (4.4.6):
    - SDWebImage/Core (= 4.4.6)
  - SDWebImage/Core (4.4.6)
  - SkeletonView (1.4.2)
  - SwiftLint (0.35.0)
  - SwiftReorder (6.0.2)
  - SwiftyJSON (4.2.0)

DEPENDENCIES:
  - JGProgressHUD
  - RealmSwift (~> 3.19.0)
  - SDWebImage (~> 4.0)
  - SkeletonView
  - SwiftLint
  - SwiftReorder (~> 6.0)
  - SwiftyJSON (~> 4.0)

SPEC REPOS:
  https://github.com/cocoapods/specs.git:
    - JGProgressHUD
    - Realm
    - RealmSwift
    - SDWebImage
    - SkeletonView
    - SwiftLint
    - SwiftReorder
    - SwiftyJSON

SPEC CHECKSUMS:
  JGProgressHUD: 12b20a8f4ffe05258f8635c1ab92816e451f904d
  Realm: 995d585bcf699aaff226715886c849a29dd3d07f
  RealmSwift: 35f284a537989f2187b413e5917091948cb87a3f
  SDWebImage: 3f3f0c02f09798048c47a5ed0a13f17b063572d8
  SkeletonView: c2523c3c8c6510e273e49a3bf364a434744c3914
  SwiftLint: 5553187048b900c91aa03552807681bb6b027846
  SwiftReorder: 60ef1faf6446cf68f9a647cb975530db8efd6620
  SwiftyJSON: c4bcba26dd9ec7a027fc8eade48e2c911f229e96

PODFILE CHECKSUM: 9380ea6bea66a0b2927de52b4cf12f8c2af1456d

COCOAPODS: 1.7.1
