// !$*UTF8*$!
{
	archiveVersion = 1;
	classes = {
	};
	objectVersion = 48;
	objects = {

/* Begin PBXBuildFile section */
		2C69A0052019C2E8001A60AE /* AppDelegate.swift in Sources */ = {isa = PBXBuildFile; fileRef = 2C69A0042019C2E8001A60AE /* AppDelegate.swift */; };
		2C69A00A2019C2E8001A60AE /* Main.storyboard in Resources */ = {isa = PBXBuildFile; fileRef = 2C69A0082019C2E8001A60AE /* Main.storyboard */; };
		2C69A00C2019C2E8001A60AE /* Assets.xcassets in Resources */ = {isa = PBXBuildFile; fileRef = 2C69A00B2019C2E8001A60AE /* Assets.xcassets */; };
		2CF1E56E207AE54A00161D5F /* LandingViewController.swift in Sources */ = {isa = PBXBuildFile; fileRef = 2CF1E56D207AE54A00161D5F /* LandingViewController.swift */; };
		2CF1E572207AE9E700161D5F /* NarutoPage.swift in Sources */ = {isa = PBXBuildFile; fileRef = 2CF1E571207AE9E700161D5F /* NarutoPage.swift */; };
		2CF1E575207AED1C00161D5F /* NarutoPage1.swift in Sources */ = {isa = PBXBuildFile; fileRef = 2CF1E574207AED1C00161D5F /* NarutoPage1.swift */; };
		2CF1E578207AF11800161D5F /* HTTPRequests.swift in Sources */ = {isa = PBXBuildFile; fileRef = 2CF1E577207AF11800161D5F /* HTTPRequests.swift */; };
		2CF1E57A207AF3F900161D5F /* ImageArray.swift in Sources */ = {isa = PBXBuildFile; fileRef = 2CF1E579207AF3F900161D5F /* ImageArray.swift */; };
		2CF1E57E207AF99F00161D5F /* NarutoPage2.swift in Sources */ = {isa = PBXBuildFile; fileRef = 2CF1E57D207AF99F00161D5F /* NarutoPage2.swift */; };
		2CF1E580207AF9AD00161D5F /* NarutoPage3.swift in Sources */ = {isa = PBXBuildFile; fileRef = 2CF1E57F207AF9AD00161D5F /* NarutoPage3.swift */; };
		2CF1E5A3207B249400161D5F /* LaunchScreen.storyboard in Resources */ = {isa = PBXBuildFile; fileRef = 2CF1E5A2207B249300161D5F /* LaunchScreen.storyboard */; };
		2CF1E5A5207B277A00161D5F /* NarutoPage4.swift in Sources */ = {isa = PBXBuildFile; fileRef = 2CF1E5A4207B277A00161D5F /* NarutoPage4.swift */; };
		2CF1E5A7207B2B5900161D5F /* NarutoPage5.swift in Sources */ = {isa = PBXBuildFile; fileRef = 2CF1E5A6207B2B5900161D5F /* NarutoPage5.swift */; };
/* End PBXBuildFile section */

/* Begin PBXFileReference section */
		2C69A0012019C2E8001A60AE /* Mango (Social Manga).app */ = {isa = PBXFileReference; explicitFileType = wrapper.application; includeInIndex = 0; path = "Mango (Social Manga).app"; sourceTree = BUILT_PRODUCTS_DIR; };
		2C69A0042019C2E8001A60AE /* AppDelegate.swift */ = {isa = PBXFileReference; lastKnownFileType = sourcecode.swift; path = AppDelegate.swift; sourceTree = "<group>"; };
		2C69A0092019C2E8001A60AE /* Base */ = {isa = PBXFileReference; lastKnownFileType = file.storyboard; name = Base; path = Base.lproj/Main.storyboard; sourceTree = "<group>"; };
		2C69A00B2019C2E8001A60AE /* Assets.xcassets */ = {isa = PBXFileReference; lastKnownFileType = folder.assetcatalog; path = Assets.xcassets; sourceTree = "<group>"; };
		2C69A0102019C2E9001A60AE /* Info.plist */ = {isa = PBXFileReference; lastKnownFileType = text.plist.xml; path = Info.plist; sourceTree = "<group>"; };
		2CF1E56D207AE54A00161D5F /* LandingViewController.swift */ = {isa = PBXFileReference; lastKnownFileType = sourcecode.swift; path = LandingViewController.swift; sourceTree = "<group>"; };
		2CF1E571207AE9E700161D5F /* NarutoPage.swift */ = {isa = PBXFileReference; lastKnownFileType = sourcecode.swift; path = NarutoPage.swift; sourceTree = "<group>"; };
		2CF1E574207AED1C00161D5F /* NarutoPage1.swift */ = {isa = PBXFileReference; lastKnownFileType = sourcecode.swift; path = NarutoPage1.swift; sourceTree = "<group>"; };
		2CF1E577207AF11800161D5F /* HTTPRequests.swift */ = {isa = PBXFileReference; lastKnownFileType = sourcecode.swift; path = HTTPRequests.swift; sourceTree = "<group>"; };
		2CF1E579207AF3F900161D5F /* ImageArray.swift */ = {isa = PBXFileReference; lastKnownFileType = sourcecode.swift; path = ImageArray.swift; sourceTree = "<group>"; };
		2CF1E57D207AF99F00161D5F /* NarutoPage2.swift */ = {isa = PBXFileReference; lastKnownFileType = sourcecode.swift; path = NarutoPage2.swift; sourceTree = "<group>"; };
		2CF1E57F207AF9AD00161D5F /* NarutoPage3.swift */ = {isa = PBXFileReference; lastKnownFileType = sourcecode.swift; path = NarutoPage3.swift; sourceTree = "<group>"; };
		2CF1E5A2207B249300161D5F /* LaunchScreen.storyboard */ = {isa = PBXFileReference; fileEncoding = 4; lastKnownFileType = file.storyboard; path = LaunchScreen.storyboard; sourceTree = "<group>"; };
		2CF1E5A4207B277A00161D5F /* NarutoPage4.swift */ = {isa = PBXFileReference; lastKnownFileType = sourcecode.swift; path = NarutoPage4.swift; sourceTree = "<group>"; };
		2CF1E5A6207B2B5900161D5F /* NarutoPage5.swift */ = {isa = PBXFileReference; lastKnownFileType = sourcecode.swift; path = NarutoPage5.swift; sourceTree = "<group>"; };
/* End PBXFileReference section */

/* Begin PBXFrameworksBuildPhase section */
		2C699FFE2019C2E8001A60AE /* Frameworks */ = {
			isa = PBXFrameworksBuildPhase;
			buildActionMask = 2147483647;
			files = (
			);
			runOnlyForDeploymentPostprocessing = 0;
		};
/* End PBXFrameworksBuildPhase section */

/* Begin PBXGroup section */
		2C699FF82019C2E8001A60AE = {
			isa = PBXGroup;
			children = (
				2C69A0032019C2E8001A60AE /* Mango (Social Manga) */,
				2C69A0022019C2E8001A60AE /* Products */,
			);
			sourceTree = "<group>";
		};
		2C69A0022019C2E8001A60AE /* Products */ = {
			isa = PBXGroup;
			children = (
				2C69A0012019C2E8001A60AE /* Mango (Social Manga).app */,
			);
			name = Products;
			sourceTree = "<group>";
		};
		2C69A0032019C2E8001A60AE /* Mango (Social Manga) */ = {
			isa = PBXGroup;
			children = (
				2C69A0042019C2E8001A60AE /* AppDelegate.swift */,
				2CF1E5A2207B249300161D5F /* LaunchScreen.storyboard */,
				2C69A0082019C2E8001A60AE /* Main.storyboard */,
				2CF1E56D207AE54A00161D5F /* LandingViewController.swift */,
				2CF1E576207AF0B100161D5F /* Model */,
				2CF1E573207AECE500161D5F /* Naruto */,
				2C69A00B2019C2E8001A60AE /* Assets.xcassets */,
				2C69A0102019C2E9001A60AE /* Info.plist */,
			);
			path = "Mango (Social Manga)";
			sourceTree = "<group>";
		};
		2CF1E573207AECE500161D5F /* Naruto */ = {
			isa = PBXGroup;
			children = (
				2CF1E571207AE9E700161D5F /* NarutoPage.swift */,
				2CF1E574207AED1C00161D5F /* NarutoPage1.swift */,
				2CF1E57D207AF99F00161D5F /* NarutoPage2.swift */,
				2CF1E57F207AF9AD00161D5F /* NarutoPage3.swift */,
				2CF1E5A4207B277A00161D5F /* NarutoPage4.swift */,
				2CF1E5A6207B2B5900161D5F /* NarutoPage5.swift */,
			);
			path = Naruto;
			sourceTree = "<group>";
		};
		2CF1E576207AF0B100161D5F /* Model */ = {
			isa = PBXGroup;
			children = (
				2CF1E577207AF11800161D5F /* HTTPRequests.swift */,
				2CF1E579207AF3F900161D5F /* ImageArray.swift */,
			);
			path = Model;
			sourceTree = "<group>";
		};
/* End PBXGroup section */

/* Begin PBXNativeTarget section */
		2C69A0002019C2E8001A60AE /* Mango (Social Manga) */ = {
			isa = PBXNativeTarget;
			buildConfigurationList = 2C69A0132019C2E9001A60AE /* Build configuration list for PBXNativeTarget "Mango (Social Manga)" */;
			buildPhases = (
				2C699FFD2019C2E8001A60AE /* Sources */,
				2C699FFE2019C2E8001A60AE /* Frameworks */,
				2C699FFF2019C2E8001A60AE /* Resources */,
			);
			buildRules = (
			);
			dependencies = (
			);
			name = "Mango (Social Manga)";
			productName = "Mango (Social Manga)";
			productReference = 2C69A0012019C2E8001A60AE /* Mango (Social Manga).app */;
			productType = "com.apple.product-type.application";
		};
/* End PBXNativeTarget section */

/* Begin PBXProject section */
		2C699FF92019C2E8001A60AE /* Project object */ = {
			isa = PBXProject;
			attributes = {
				LastSwiftUpdateCheck = 0920;
				LastUpgradeCheck = 0930;
				ORGANIZATIONNAME = "Blake Harrison";
				TargetAttributes = {
					2C69A0002019C2E8001A60AE = {
						CreatedOnToolsVersion = 9.2;
						ProvisioningStyle = Automatic;
					};
				};
			};
			buildConfigurationList = 2C699FFC2019C2E8001A60AE /* Build configuration list for PBXProject "Mango" */;
			compatibilityVersion = "Xcode 8.0";
			developmentRegion = en;
			hasScannedForEncodings = 0;
			knownRegions = (
				en,
				Base,
			);
			mainGroup = 2C699FF82019C2E8001A60AE;
			productRefGroup = 2C69A0022019C2E8001A60AE /* Products */;
			projectDirPath = "";
			projectRoot = "";
			targets = (
				2C69A0002019C2E8001A60AE /* Mango (Social Manga) */,
			);
		};
/* End PBXProject section */

/* Begin PBXResourcesBuildPhase section */
		2C699FFF2019C2E8001A60AE /* Resources */ = {
			isa = PBXResourcesBuildPhase;
			buildActionMask = 2147483647;
			files = (
				2CF1E5A3207B249400161D5F /* LaunchScreen.storyboard in Resources */,
				2C69A00C2019C2E8001A60AE /* Assets.xcassets in Resources */,
				2C69A00A2019C2E8001A60AE /* Main.storyboard in Resources */,
			);
			runOnlyForDeploymentPostprocessing = 0;
		};
/* End PBXResourcesBuildPhase section */

/* Begin PBXSourcesBuildPhase section */
		2C699FFD2019C2E8001A60AE /* Sources */ = {
			isa = PBXSourcesBuildPhase;
			buildActionMask = 2147483647;
			files = (
				2CF1E572207AE9E700161D5F /* NarutoPage.swift in Sources */,
				2CF1E56E207AE54A00161D5F /* LandingViewController.swift in Sources */,
				2CF1E578207AF11800161D5F /* HTTPRequests.swift in Sources */,
				2C69A0052019C2E8001A60AE /* AppDelegate.swift in Sources */,
				2CF1E57E207AF99F00161D5F /* NarutoPage2.swift in Sources */,
				2CF1E580207AF9AD00161D5F /* NarutoPage3.swift in Sources */,
				2CF1E575207AED1C00161D5F /* NarutoPage1.swift in Sources */,
				2CF1E5A5207B277A00161D5F /* NarutoPage4.swift in Sources */,
				2CF1E57A207AF3F900161D5F /* ImageArray.swift in Sources */,
				2CF1E5A7207B2B5900161D5F /* NarutoPage5.swift in Sources */,
			);
			runOnlyForDeploymentPostprocessing = 0;
		};
/* End PBXSourcesBuildPhase section */

/* Begin PBXVariantGroup section */
		2C69A0082019C2E8001A60AE /* Main.storyboard */ = {
			isa = PBXVariantGroup;
			children = (
				2C69A0092019C2E8001A60AE /* Base */,
			);
			name = Main.storyboard;
			sourceTree = "<group>";
		};
/* End PBXVariantGroup section */

/* Begin XCBuildConfiguration section */
		2C69A0112019C2E9001A60AE /* Debug */ = {
			isa = XCBuildConfiguration;
			buildSettings = {
				ALWAYS_SEARCH_USER_PATHS = NO;
				CLANG_ANALYZER_NONNULL = YES;
				CLANG_ANALYZER_NUMBER_OBJECT_CONVERSION = YES_AGGRESSIVE;
				CLANG_CXX_LANGUAGE_STANDARD = "gnu++14";
				CLANG_CXX_LIBRARY = "libc++";
				CLANG_ENABLE_MODULES = YES;
				CLANG_ENABLE_OBJC_ARC = YES;
				CLANG_WARN_BLOCK_CAPTURE_AUTORELEASING = YES;
				CLANG_WARN_BOOL_CONVERSION = YES;
				CLANG_WARN_COMMA = YES;
				CLANG_WARN_CONSTANT_CONVERSION = YES;
				CLANG_WARN_DEPRECATED_OBJC_IMPLEMENTATIONS = YES;
				CLANG_WARN_DIRECT_OBJC_ISA_USAGE = YES_ERROR;
				CLANG_WARN_DOCUMENTATION_COMMENTS = YES;
				CLANG_WARN_EMPTY_BODY = YES;
				CLANG_WARN_ENUM_CONVERSION = YES;
				CLANG_WARN_INFINITE_RECURSION = YES;
				CLANG_WARN_INT_CONVERSION = YES;
				CLANG_WARN_NON_LITERAL_NULL_CONVERSION = YES;
				CLANG_WARN_OBJC_IMPLICIT_RETAIN_SELF = YES;
				CLANG_WARN_OBJC_LITERAL_CONVERSION = YES;
				CLANG_WARN_OBJC_ROOT_CLASS = YES_ERROR;
				CLANG_WARN_RANGE_LOOP_ANALYSIS = YES;
				CLANG_WARN_STRICT_PROTOTYPES = YES;
				CLANG_WARN_SUSPICIOUS_MOVE = YES;
				CLANG_WARN_UNGUARDED_AVAILABILITY = YES_AGGRESSIVE;
				CLANG_WARN_UNREACHABLE_CODE = YES;
				CLANG_WARN__DUPLICATE_METHOD_MATCH = YES;
				CODE_SIGN_IDENTITY = "iPhone Developer";
				COPY_PHASE_STRIP = NO;
				DEBUG_INFORMATION_FORMAT = dwarf;
				ENABLE_STRICT_OBJC_MSGSEND = YES;
				ENABLE_TESTABILITY = YES;
				GCC_C_LANGUAGE_STANDARD = gnu11;
				GCC_DYNAMIC_NO_PIC = NO;
				GCC_NO_COMMON_BLOCKS = YES;
				GCC_OPTIMIZATION_LEVEL = 0;
				GCC_PREPROCESSOR_DEFINITIONS = (
					"DEBUG=1",
					"$(inherited)",
				);
				GCC_WARN_64_TO_32_BIT_CONVERSION = YES;
				GCC_WARN_ABOUT_RETURN_TYPE = YES_ERROR;
				GCC_WARN_UNDECLARED_SELECTOR = YES;
				GCC_WARN_UNINITIALIZED_AUTOS = YES_AGGRESSIVE;
				GCC_WARN_UNUSED_FUNCTION = YES;
				GCC_WARN_UNUSED_VARIABLE = YES;
				IPHONEOS_DEPLOYMENT_TARGET = 11.2;
				MTL_ENABLE_DEBUG_INFO = YES;
				ONLY_ACTIVE_ARCH = YES;
				SDKROOT = iphoneos;
				SWIFT_ACTIVE_COMPILATION_CONDITIONS = DEBUG;
				SWIFT_OPTIMIZATION_LEVEL = "-Onone";
			};
			name = Debug;
		};
		2C69A0122019C2E9001A60AE /* Release */ = {
			isa = XCBuildConfiguration;
			buildSettings = {
				ALWAYS_SEARCH_USER_PATHS = NO;
				CLANG_ANALYZER_NONNULL = YES;
				CLANG_ANALYZER_NUMBER_OBJECT_CONVERSION = YES_AGGRESSIVE;
				CLANG_CXX_LANGUAGE_STANDARD = "gnu++14";
				CLANG_CXX_LIBRARY = "libc++";
				CLANG_ENABLE_MODULES = YES;
				CLANG_ENABLE_OBJC_ARC = YES;
				CLANG_WARN_BLOCK_CAPTURE_AUTORELEASING = YES;
				CLANG_WARN_BOOL_CONVERSION = YES;
				CLANG_WARN_COMMA = YES;
				CLANG_WARN_CONSTANT_CONVERSION = YES;
				CLANG_WARN_DEPRECATED_OBJC_IMPLEMENTATIONS = YES;
				CLANG_WARN_DIRECT_OBJC_ISA_USAGE = YES_ERROR;
				CLANG_WARN_DOCUMENTATION_COMMENTS = YES;
				CLANG_WARN_EMPTY_BODY = YES;
				CLANG_WARN_ENUM_CONVERSION = YES;
				CLANG_WARN_INFINITE_RECURSION = YES;
				CLANG_WARN_INT_CONVERSION = YES;
				CLANG_WARN_NON_LITERAL_NULL_CONVERSION = YES;
				CLANG_WARN_OBJC_IMPLICIT_RETAIN_SELF = YES;
				CLANG_WARN_OBJC_LITERAL_CONVERSION = YES;
				CLANG_WARN_OBJC_ROOT_CLASS = YES_ERROR;
				CLANG_WARN_RANGE_LOOP_ANALYSIS = YES;
				CLANG_WARN_STRICT_PROTOTYPES = YES;
				CLANG_WARN_SUSPICIOUS_MOVE = YES;
				CLANG_WARN_UNGUARDED_AVAILABILITY = YES_AGGRESSIVE;
				CLANG_WARN_UNREACHABLE_CODE = YES;
				CLANG_WARN__DUPLICATE_METHOD_MATCH = YES;
				CODE_SIGN_IDENTITY = "iPhone Developer";
				COPY_PHASE_STRIP = NO;
				DEBUG_INFORMATION_FORMAT = "dwarf-with-dsym";
				ENABLE_NS_ASSERTIONS = NO;
				ENABLE_STRICT_OBJC_MSGSEND = YES;
				GCC_C_LANGUAGE_STANDARD = gnu11;
				GCC_NO_COMMON_BLOCKS = YES;
				GCC_WARN_64_TO_32_BIT_CONVERSION = YES;
				GCC_WARN_ABOUT_RETURN_TYPE = YES_ERROR;
				GCC_WARN_UNDECLARED_SELECTOR = YES;
				GCC_WARN_UNINITIALIZED_AUTOS = YES_AGGRESSIVE;
				GCC_WARN_UNUSED_FUNCTION = YES;
				GCC_WARN_UNUSED_VARIABLE = YES;
				IPHONEOS_DEPLOYMENT_TARGET = 11.2;
				MTL_ENABLE_DEBUG_INFO = NO;
				SDKROOT = iphoneos;
				SWIFT_OPTIMIZATION_LEVEL = "-Owholemodule";
				VALIDATE_PRODUCT = YES;
			};
			name = Release;
		};
		2C69A0142019C2E9001A60AE /* Debug */ = {
			isa = XCBuildConfiguration;
			buildSettings = {
				ASSETCATALOG_COMPILER_APPICON_NAME = AppIcon;
				CODE_SIGN_STYLE = Automatic;
				DEVELOPMENT_TEAM = MA84G22696;
				INFOPLIST_FILE = "Mango (Social Manga)/Info.plist";
				LD_RUNPATH_SEARCH_PATHS = "$(inherited) @executable_path/Frameworks";
				PRODUCT_BUNDLE_IDENTIFIER = "com.harrisonrblake.Mango--Social-Manga-";
				PRODUCT_NAME = "$(TARGET_NAME)";
				SWIFT_VERSION = 4.0;
				TARGETED_DEVICE_FAMILY = "1,2";
			};
			name = Debug;
		};
		2C69A0152019C2E9001A60AE /* Release */ = {
			isa = XCBuildConfiguration;
			buildSettings = {
				ASSETCATALOG_COMPILER_APPICON_NAME = AppIcon;
				CODE_SIGN_STYLE = Automatic;
				DEVELOPMENT_TEAM = MA84G22696;
				INFOPLIST_FILE = "Mango (Social Manga)/Info.plist";
				LD_RUNPATH_SEARCH_PATHS = "$(inherited) @executable_path/Frameworks";
				PRODUCT_BUNDLE_IDENTIFIER = "com.harrisonrblake.Mango--Social-Manga-";
				PRODUCT_NAME = "$(TARGET_NAME)";
				SWIFT_VERSION = 4.0;
				TARGETED_DEVICE_FAMILY = "1,2";
			};
			name = Release;
		};
/* End XCBuildConfiguration section */

/* Begin XCConfigurationList section */
		2C699FFC2019C2E8001A60AE /* Build configuration list for PBXProject "Mango" */ = {
			isa = XCConfigurationList;
			buildConfigurations = (
				2C69A0112019C2E9001A60AE /* Debug */,
				2C69A0122019C2E9001A60AE /* Release */,
			);
			defaultConfigurationIsVisible = 0;
			defaultConfigurationName = Release;
		};
		2C69A0132019C2E9001A60AE /* Build configuration list for PBXNativeTarget "Mango (Social Manga)" */ = {
			isa = XCConfigurationList;
			buildConfigurations = (
				2C69A0142019C2E9001A60AE /* Debug */,
				2C69A0152019C2E9001A60AE /* Release */,
			);
			defaultConfigurationIsVisible = 0;
			defaultConfigurationName = Release;
		};
/* End XCConfigurationList section */
	};
	rootObject = 2C699FF92019C2E8001A60AE /* Project object */;
}
